
Microsoft Visual Studio Solution File, Format Version 12.00
# Visual Studio 15
VisualStudioVersion = 15.0.27130.2010
MinimumVisualStudioVersion = 10.0.40219.1
Project("{8BC9CEB8-8B4A-11D0-8D11-00A0C91BC942}") = "ex_24", "ex_24.vcxproj", "{8E868131-18F3-45B8-905A-23DBB6C2F55C}"
EndProject
Global
	GlobalSection(SolutionConfigurationPlatforms) = preSolution
		Debug|x64 = Debug|x64
		Debug|x86 = Debug|x86
		Release|x64 = Release|x64
		Release|x86 = Release|x86
	EndGlobalSection
	GlobalSection(ProjectConfigurationPlatforms) = postSolution
		{8E868131-18F3-45B8-905A-23DBB6C2F55C}.Debug|x64.ActiveCfg = Debug|x64
		{8E868131-18F3-45B8-905A-23DBB6C2F55C}.Debug|x64.Build.0 = Debug|x64
		{8E868131-18F3-45B8-905A-23DBB6C2F55C}.Debug|x86.ActiveCfg = Debug|Win32
		{8E868131-18F3-45B8-905A-23DBB6C2F55C}.Debug|x86.Build.0 = Debug|Win32
		{8E868131-18F3-45B8-905A-23DBB6C2F55C}.Release|x64.ActiveCfg = Release|x64
		{8E868131-18F3-45B8-905A-23DBB6C2F55C}.Release|x64.Build.0 = Release|x64
		{8E868131-18F3-45B8-905A-23DBB6C2F55C}.Release|x86.ActiveCfg = Release|Win32
		{8E868131-18F3-45B8-905A-23DBB6C2F55C}.Release|x86.Build.0 = Release|Win32
	EndGlobalSection
	GlobalSection(SolutionProperties) = preSolution
		HideSolutionNode = FALSE
	EndGlobalSection
	GlobalSection(ExtensibilityGlobals) = postSolution
		SolutionGuid = {97053E52-9CEC-41BD-9F48-20F35A813EAC}
	EndGlobalSection
EndGlobal
